{
  "name": "IG-CDA-fr-core-main",
  "lockfileVersion": 3,
  "requires": true,
  "packages": {
    "": {
      "dependencies": {
        "hl7.cda.uv.core": "^2.0.0-sd"
      }
    },
    "node_modules/hl7.cda.uv.core": {
      "version": "2.0.0-sd",
      "resolved": "https://packages.simplifier.net/hl7.cda.uv.core/2.0.0-sd",
      "integrity": "sha1-O+6NpUO2wWMFH+oRG20iwyzNcDw="
    }
  }
}
